
Microsoft Visual Studio Solution File, Format Version 12.00
# Visual Studio Version 17
VisualStudioVersion = 17.14.36310.24 d17.14
MinimumVisualStudioVersion = 10.0.40219.1
Project("{FAE04EC0-301F-11D3-BF4B-00C04F79EFBC}") = "TestingPipelines", "TestingPipelines.csproj", "{EF37C7AA-C5C4-4A36-A323-ED9D95E8035B}"
EndProject
Global
	GlobalSection(SolutionConfigurationPlatforms) = preSolution
		Debug|Any CPU = Debug|Any CPU
		Release|Any CPU = Release|Any CPU
	EndGlobalSection
	GlobalSection(ProjectConfigurationPlatforms) = postSolution
		{EF37C7AA-C5C4-4A36-A323-ED9D95E8035B}.Debug|Any CPU.ActiveCfg = Debug|Any CPU
		{EF37C7AA-C5C4-4A36-A323-ED9D95E8035B}.Debug|Any CPU.Build.0 = Debug|Any CPU
		{EF37C7AA-C5C4-4A36-A323-ED9D95E8035B}.Release|Any CPU.ActiveCfg = Release|Any CPU
		{EF37C7AA-C5C4-4A36-A323-ED9D95E8035B}.Release|Any CPU.Build.0 = Release|Any CPU
	EndGlobalSection
	GlobalSection(SolutionProperties) = preSolution
		HideSolutionNode = FALSE
	EndGlobalSection
	GlobalSection(ExtensibilityGlobals) = postSolution
		SolutionGuid = {D5EC0A0B-F30E-4478-A847-7F1507CA6CAB}
	EndGlobalSection
EndGlobal
